// !$*UTF8*$!
{
	archiveVersion = 1;
	classes = {
	};
	objectVersion = 46;
	objects = {

/* Begin PBXBuildFile section */
		7DE8ED881C25056C00425A0D /* AppDelegate.swift in Sources */ = {isa = PBXBuildFile; fileRef = 7DE8ED871C25056C00425A0D /* AppDelegate.swift */; };
		7DE8ED8A1C25056C00425A0D /* ViewController.swift in Sources */ = {isa = PBXBuildFile; fileRef = 7DE8ED891C25056C00425A0D /* ViewController.swift */; };
		7DE8ED8D1C25056C00425A0D /* Main.storyboard in Resources */ = {isa = PBXBuildFile; fileRef = 7DE8ED8B1C25056C00425A0D /* Main.storyboard */; };
		7DE8ED8F1C25056C00425A0D /* Assets.xcassets in Resources */ = {isa = PBXBuildFile; fileRef = 7DE8ED8E1C25056C00425A0D /* Assets.xcassets */; };
		7DE8ED921C25056C00425A0D /* LaunchScreen.storyboard in Resources */ = {isa = PBXBuildFile; fileRef = 7DE8ED901C25056C00425A0D /* LaunchScreen.storyboard */; };
		7DE8ED9D1C25056C00425A0D /* MyLocationTests.swift in Sources */ = {isa = PBXBuildFile; fileRef = 7DE8ED9C1C25056C00425A0D /* MyLocationTests.swift */; };
		7DE8EDA81C25056C00425A0D /* MyLocationUITests.swift in Sources */ = {isa = PBXBuildFile; fileRef = 7DE8EDA71C25056C00425A0D /* MyLocationUITests.swift */; };
/* End PBXBuildFile section */

/* Begin PBXContainerItemProxy section */
		7DE8ED991C25056C00425A0D /* PBXContainerItemProxy */ = {
			isa = PBXContainerItemProxy;
			containerPortal = 7DE8ED7C1C25056C00425A0D /* Project object */;
			proxyType = 1;
			remoteGlobalIDString = 7DE8ED831C25056C00425A0D;
			remoteInfo = MyLocation;
		};
		7DE8EDA41C25056C00425A0D /* PBXContainerItemProxy */ = {
			isa = PBXContainerItemProxy;
			containerPortal = 7DE8ED7C1C25056C00425A0D /* Project object */;
			proxyType = 1;
			remoteGlobalIDString = 7DE8ED831C25056C00425A0D;
			remoteInfo = MyLocation;
		};
/* End PBXContainerItemProxy section */

/* Begin PBXFileReference section */
		7DE8ED841C25056C00425A0D /* MyLocation.app */ = {isa = PBXFileReference; explicitFileType = wrapper.application; includeInIndex = 0; path = MyLocation.app; sourceTree = BUILT_PRODUCTS_DIR; };
		7DE8ED871C25056C00425A0D /* AppDelegate.swift */ = {isa = PBXFileReference; lastKnownFileType = sourcecode.swift; path = AppDelegate.swift; sourceTree = "<group>"; };
		7DE8ED891C25056C00425A0D /* ViewController.swift */ = {isa = PBXFileReference; lastKnownFileType = sourcecode.swift; path = ViewController.swift; sourceTree = "<group>"; };
		7DE8ED8C1C25056C00425A0D /* Base */ = {isa = PBXFileReference; lastKnownFileType = file.storyboard; name = Base; path = Base.lproj/Main.storyboard; sourceTree = "<group>"; };
		7DE8ED8E1C25056C00425A0D /* Assets.xcassets */ = {isa = PBXFileReference; lastKnownFileType = folder.assetcatalog; path = Assets.xcassets; sourceTree = "<group>"; };
		7DE8ED911C25056C00425A0D /* Base */ = {isa = PBXFileReference; lastKnownFileType = file.storyboard; name = Base; path = Base.lproj/LaunchScreen.storyboard; sourceTree = "<group>"; };
		7DE8ED931C25056C00425A0D /* Info.plist */ = {isa = PBXFileReference; lastKnownFileType = text.plist.xml; path = Info.plist; sourceTree = "<group>"; };
		7DE8ED981C25056C00425A0D /* MyLocationTests.xctest */ = {isa = PBXFileReference; explicitFileType = wrapper.cfbundle; includeInIndex = 0; path = MyLocationTests.xctest; sourceTree = BUILT_PRODUCTS_DIR; };
		7DE8ED9C1C25056C00425A0D /* MyLocationTests.swift */ = {isa = PBXFileReference; lastKnownFileType = sourcecode.swift; path = MyLocationTests.swift; sourceTree = "<group>"; };
		7DE8ED9E1C25056C00425A0D /* Info.plist */ = {isa = PBXFileReference; lastKnownFileType = text.plist.xml; path = Info.plist; sourceTree = "<group>"; };
		7DE8EDA31C25056C00425A0D /* MyLocationUITests.xctest */ = {isa = PBXFileReference; explicitFileType = wrapper.cfbundle; includeInIndex = 0; path = MyLocationUITests.xctest; sourceTree = BUILT_PRODUCTS_DIR; };
		7DE8EDA71C25056C00425A0D /* MyLocationUITests.swift */ = {isa = PBXFileReference; lastKnownFileType = sourcecode.swift; path = MyLocationUITests.swift; sourceTree = "<group>"; };
		7DE8EDA91C25056C00425A0D /* Info.plist */ = {isa = PBXFileReference; lastKnownFileType = text.plist.xml; path = Info.plist; sourceTree = "<group>"; };
/* End PBXFileReference section */

/* Begin PBXFrameworksBuildPhase section */
		7DE8ED811C25056C00425A0D /* Frameworks */ = {
			isa = PBXFrameworksBuildPhase;
			buildActionMask = 2147483647;
			files = (
			);
			runOnlyForDeploymentPostprocessing = 0;
		};
		7DE8ED951C25056C00425A0D /* Frameworks */ = {
			isa = PBXFrameworksBuildPhase;
			buildActionMask = 2147483647;
			files = (
			);
			runOnlyForDeploymentPostprocessing = 0;
		};
		7DE8EDA01C25056C00425A0D /* Frameworks */ = {
			isa = PBXFrameworksBuildPhase;
			buildActionMask = 2147483647;
			files = (
			);
			runOnlyForDeploymentPostprocessing = 0;
		};
/* End PBXFrameworksBuildPhase section */

/* Begin PBXGroup section */
		7DE8ED7B1C25056C00425A0D = {
			isa = PBXGroup;
			children = (
				7DE8ED861C25056C00425A0D /* MyLocation */,
				7DE8ED9B1C25056C00425A0D /* MyLocationTests */,
				7DE8EDA61C25056C00425A0D /* MyLocationUITests */,
				7DE8ED851C25056C00425A0D /* Products */,
			);
			sourceTree = "<group>";
		};
		7DE8ED851C25056C00425A0D /* Products */ = {
			isa = PBXGroup;
			children = (
				7DE8ED841C25056C00425A0D /* MyLocation.app */,
				7DE8ED981C25056C00425A0D /* MyLocationTests.xctest */,
				7DE8EDA31C25056C00425A0D /* MyLocationUITests.xctest */,
			);
			name = Products;
			sourceTree = "<group>";
		};
		7DE8ED861C25056C00425A0D /* MyLocation */ = {
			isa = PBXGroup;
			children = (
				7DE8ED871C25056C00425A0D /* AppDelegate.swift */,
				7DE8ED891C25056C00425A0D /* ViewController.swift */,
				7DE8ED8B1C25056C00425A0D /* Main.storyboard */,
				7DE8ED8E1C25056C00425A0D /* Assets.xcassets */,
				7DE8ED901C25056C00425A0D /* LaunchScreen.storyboard */,
				7DE8ED931C25056C00425A0D /* Info.plist */,
			);
			path = MyLocation;
			sourceTree = "<group>";
		};
		7DE8ED9B1C25056C00425A0D /* MyLocationTests */ = {
			isa = PBXGroup;
			children = (
				7DE8ED9C1C25056C00425A0D /* MyLocationTests.swift */,
				7DE8ED9E1C25056C00425A0D /* Info.plist */,
			);
			path = MyLocationTests;
			sourceTree = "<group>";
		};
		7DE8EDA61C25056C00425A0D /* MyLocationUITests */ = {
			isa = PBXGroup;
			children = (
				7DE8EDA71C25056C00425A0D /* MyLocationUITests.swift */,
				7DE8EDA91C25056C00425A0D /* Info.plist */,
			);
			path = MyLocationUITests;
			sourceTree = "<group>";
		};
/* End PBXGroup section */

/* Begin PBXNativeTarget section */
		7DE8ED831C25056C00425A0D /* MyLocation */ = {
			isa = PBXNativeTarget;
			buildConfigurationList = 7DE8EDAC1C25056C00425A0D /* Build configuration list for PBXNativeTarget "MyLocation" */;
			buildPhases = (
				7DE8ED801C25056C00425A0D /* Sources */,
				7DE8ED811C25056C00425A0D /* Frameworks */,
				7DE8ED821C25056C00425A0D /* Resources */,
			);
			buildRules = (
			);
			dependencies = (
			);
			name = MyLocation;
			productName = MyLocation;
			productReference = 7DE8ED841C25056C00425A0D /* MyLocation.app */;
			productType = "com.apple.product-type.application";
		};
		7DE8ED971C25056C00425A0D /* MyLocationTests */ = {
			isa = PBXNativeTarget;
			buildConfigurationList = 7DE8EDAF1C25056C00425A0D /* Build configuration list for PBXNativeTarget "MyLocationTests" */;
			buildPhases = (
				7DE8ED941C25056C00425A0D /* Sources */,
				7DE8ED951C25056C00425A0D /* Frameworks */,
				7DE8ED961C25056C00425A0D /* Resources */,
			);
			buildRules = (
			);
			dependencies = (
				7DE8ED9A1C25056C00425A0D /* PBXTargetDependency */,
			);
			name = MyLocationTests;
			productName = MyLocationTests;
			productReference = 7DE8ED981C25056C00425A0D /* MyLocationTests.xctest */;
			productType = "com.apple.product-type.bundle.unit-test";
		};
		7DE8EDA21C25056C00425A0D /* MyLocationUITests */ = {
			isa = PBXNativeTarget;
			buildConfigurationList = 7DE8EDB21C25056C00425A0D /* Build configuration list for PBXNativeTarget "MyLocationUITests" */;
			buildPhases = (
				7DE8ED9F1C25056C00425A0D /* Sources */,
				7DE8EDA01C25056C00425A0D /* Frameworks */,
				7DE8EDA11C25056C00425A0D /* Resources */,
			);
			buildRules = (
			);
			dependencies = (
				7DE8EDA51C25056C00425A0D /* PBXTargetDependency */,
			);
			name = MyLocationUITests;
			productName = MyLocationUITests;
			productReference = 7DE8EDA31C25056C00425A0D /* MyLocationUITests.xctest */;
			productType = "com.apple.product-type.bundle.ui-testing";
		};
/* End PBXNativeTarget section */

/* Begin PBXProject section */
		7DE8ED7C1C25056C00425A0D /* Project object */ = {
			isa = PBXProject;
			attributes = {
				LastSwiftUpdateCheck = 0720;
				LastUpgradeCheck = 0720;
				ORGANIZATIONNAME = "Mary Grace Lucas";
				TargetAttributes = {
					7DE8ED831C25056C00425A0D = {
						CreatedOnToolsVersion = 7.2;
					};
					7DE8ED971C25056C00425A0D = {
						CreatedOnToolsVersion = 7.2;
						TestTargetID = 7DE8ED831C25056C00425A0D;
					};
					7DE8EDA21C25056C00425A0D = {
						CreatedOnToolsVersion = 7.2;
						TestTargetID = 7DE8ED831C25056C00425A0D;
					};
				};
			};
			buildConfigurationList = 7DE8ED7F1C25056C00425A0D /* Build configuration list for PBXProject "MyLocation" */;
			compatibilityVersion = "Xcode 3.2";
			developmentRegion = English;
			hasScannedForEncodings = 0;
			knownRegions = (
				en,
				Base,
			);
			mainGroup = 7DE8ED7B1C25056C00425A0D;
			productRefGroup = 7DE8ED851C25056C00425A0D /* Products */;
			projectDirPath = "";
			projectRoot = "";
			targets = (
				7DE8ED831C25056C00425A0D /* MyLocation */,
				7DE8ED971C25056C00425A0D /* MyLocationTests */,
				7DE8EDA21C25056C00425A0D /* MyLocationUITests */,
			);
		};
/* End PBXProject section */

/* Begin PBXResourcesBuildPhase section */
		7DE8ED821C25056C00425A0D /* Resources */ = {
			isa = PBXResourcesBuildPhase;
			buildActionMask = 2147483647;
			files = (
				7DE8ED921C25056C00425A0D /* LaunchScreen.storyboard in Resources */,
				7DE8ED8F1C25056C00425A0D /* Assets.xcassets in Resources */,
				7DE8ED8D1C25056C00425A0D /* Main.storyboard in Resources */,
			);
			runOnlyForDeploymentPostprocessing = 0;
		};
		7DE8ED961C25056C00425A0D /* Resources */ = {
			isa = PBXResourcesBuildPhase;
			buildActionMask = 2147483647;
			files = (
			);
			runOnlyForDeploymentPostprocessing = 0;
		};
		7DE8EDA11C25056C00425A0D /* Resources */ = {
			isa = PBXResourcesBuildPhase;
			buildActionMask = 2147483647;
			files = (
			);
			runOnlyForDeploymentPostprocessing = 0;
		};
/* End PBXResourcesBuildPhase section */

/* Begin PBXSourcesBuildPhase section */
		7DE8ED801C25056C00425A0D /* Sources */ = {
			isa = PBXSourcesBuildPhase;
			buildActionMask = 2147483647;
			files = (
				7DE8ED8A1C25056C00425A0D /* ViewController.swift in Sources */,
				7DE8ED881C25056C00425A0D /* AppDelegate.swift in Sources */,
			);
			runOnlyForDeploymentPostprocessing = 0;
		};
		7DE8ED941C25056C00425A0D /* Sources */ = {
			isa = PBXSourcesBuildPhase;
			buildActionMask = 2147483647;
			files = (
				7DE8ED9D1C25056C00425A0D /* MyLocationTests.swift in Sources */,
			);
			runOnlyForDeploymentPostprocessing = 0;
		};
		7DE8ED9F1C25056C00425A0D /* Sources */ = {
			isa = PBXSourcesBuildPhase;
			buildActionMask = 2147483647;
			files = (
				7DE8EDA81C25056C00425A0D /* MyLocationUITests.swift in Sources */,
			);
			runOnlyForDeploymentPostprocessing = 0;
		};
/* End PBXSourcesBuildPhase section */

/* Begin PBXTargetDependency section */
		7DE8ED9A1C25056C00425A0D /* PBXTargetDependency */ = {
			isa = PBXTargetDependency;
			target = 7DE8ED831C25056C00425A0D /* MyLocation */;
			targetProxy = 7DE8ED991C25056C00425A0D /* PBXContainerItemProxy */;
		};
		7DE8EDA51C25056C00425A0D /* PBXTargetDependency */ = {
			isa = PBXTargetDependency;
			target = 7DE8ED831C25056C00425A0D /* MyLocation */;
			targetProxy = 7DE8EDA41C25056C00425A0D /* PBXContainerItemProxy */;
		};
/* End PBXTargetDependency section */

/* Begin PBXVariantGroup section */
		7DE8ED8B1C25056C00425A0D /* Main.storyboard */ = {
			isa = PBXVariantGroup;
			children = (
				7DE8ED8C1C25056C00425A0D /* Base */,
			);
			name = Main.storyboard;
			sourceTree = "<group>";
		};
		7DE8ED901C25056C00425A0D /* LaunchScreen.storyboard */ = {
			isa = PBXVariantGroup;
			children = (
				7DE8ED911C25056C00425A0D /* Base */,
			);
			name = LaunchScreen.storyboard;
			sourceTree = "<group>";
		};
/* End PBXVariantGroup section */

/* Begin XCBuildConfiguration section */
		7DE8EDAA1C25056C00425A0D /* Debug */ = {
			isa = XCBuildConfiguration;
			buildSettings = {
				ALWAYS_SEARCH_USER_PATHS = NO;
				CLANG_CXX_LANGUAGE_STANDARD = "gnu++0x";
				CLANG_CXX_LIBRARY = "libc++";
				CLANG_ENABLE_MODULES = YES;
				CLANG_ENABLE_OBJC_ARC = YES;
				CLANG_WARN_BOOL_CONVERSION = YES;
				CLANG_WARN_CONSTANT_CONVERSION = YES;
				CLANG_WARN_DIRECT_OBJC_ISA_USAGE = YES_ERROR;
				CLANG_WARN_EMPTY_BODY = YES;
				CLANG_WARN_ENUM_CONVERSION = YES;
				CLANG_WARN_INT_CONVERSION = YES;
				CLANG_WARN_OBJC_ROOT_CLASS = YES_ERROR;
				CLANG_WARN_UNREACHABLE_CODE = YES;
				CLANG_WARN__DUPLICATE_METHOD_MATCH = YES;
				"CODE_SIGN_IDENTITY[sdk=iphoneos*]" = "iPhone Developer";
				COPY_PHASE_STRIP = NO;
				DEBUG_INFORMATION_FORMAT = dwarf;
				ENABLE_STRICT_OBJC_MSGSEND = YES;
				ENABLE_TESTABILITY = YES;
				GCC_C_LANGUAGE_STANDARD = gnu99;
				GCC_DYNAMIC_NO_PIC = NO;
				GCC_NO_COMMON_BLOCKS = YES;
				GCC_OPTIMIZATION_LEVEL = 0;
				GCC_PREPROCESSOR_DEFINITIONS = (
					"DEBUG=1",
					"$(inherited)",
				);
				GCC_WARN_64_TO_32_BIT_CONVERSION = YES;
				GCC_WARN_ABOUT_RETURN_TYPE = YES_ERROR;
				GCC_WARN_UNDECLARED_SELECTOR = YES;
				GCC_WARN_UNINITIALIZED_AUTOS = YES_AGGRESSIVE;
				GCC_WARN_UNUSED_FUNCTION = YES;
				GCC_WARN_UNUSED_VARIABLE = YES;
				IPHONEOS_DEPLOYMENT_TARGET = 9.2;
				MTL_ENABLE_DEBUG_INFO = YES;
				ONLY_ACTIVE_ARCH = YES;
				SDKROOT = iphoneos;
				SWIFT_OPTIMIZATION_LEVEL = "-Onone";
				TARGETED_DEVICE_FAMILY = "1,2";
			};
			name = Debug;
		};
		7DE8EDAB1C25056C00425A0D /* Release */ = {
			isa = XCBuildConfiguration;
			buildSettings = {
				ALWAYS_SEARCH_USER_PATHS = NO;
				CLANG_CXX_LANGUAGE_STANDARD = "gnu++0x";
				CLANG_CXX_LIBRARY = "libc++";
				CLANG_ENABLE_MODULES = YES;
				CLANG_ENABLE_OBJC_ARC = YES;
				CLANG_WARN_BOOL_CONVERSION = YES;
				CLANG_WARN_CONSTANT_CONVERSION = YES;
				CLANG_WARN_DIRECT_OBJC_ISA_USAGE = YES_ERROR;
				CLANG_WARN_EMPTY_BODY = YES;
				CLANG_WARN_ENUM_CONVERSION = YES;
				CLANG_WARN_INT_CONVERSION = YES;
				CLANG_WARN_OBJC_ROOT_CLASS = YES_ERROR;
				CLANG_WARN_UNREACHABLE_CODE = YES;
				CLANG_WARN__DUPLICATE_METHOD_MATCH = YES;
				"CODE_SIGN_IDENTITY[sdk=iphoneos*]" = "iPhone Developer";
				COPY_PHASE_STRIP = NO;
				DEBUG_INFORMATION_FORMAT = "dwarf-with-dsym";
				ENABLE_NS_ASSERTIONS = NO;
				ENABLE_STRICT_OBJC_MSGSEND = YES;
				GCC_C_LANGUAGE_STANDARD = gnu99;
				GCC_NO_COMMON_BLOCKS = YES;
				GCC_WARN_64_TO_32_BIT_CONVERSION = YES;
				GCC_WARN_ABOUT_RETURN_TYPE = YES_ERROR;
				GCC_WARN_UNDECLARED_SELECTOR = YES;
				GCC_WARN_UNINITIALIZED_AUTOS = YES_AGGRESSIVE;
				GCC_WARN_UNUSED_FUNCTION = YES;
				GCC_WARN_UNUSED_VARIABLE = YES;
				IPHONEOS_DEPLOYMENT_TARGET = 9.2;
				MTL_ENABLE_DEBUG_INFO = NO;
				SDKROOT = iphoneos;
				TARGETED_DEVICE_FAMILY = "1,2";
				VALIDATE_PRODUCT = YES;
			};
			name = Release;
		};
		7DE8EDAD1C25056C00425A0D /* Debug */ = {
			isa = XCBuildConfiguration;
			buildSettings = {
				ASSETCATALOG_COMPILER_APPICON_NAME = AppIcon;
				INFOPLIST_FILE = MyLocation/Info.plist;
				LD_RUNPATH_SEARCH_PATHS = "$(inherited) @executable_path/Frameworks";
				PRODUCT_BUNDLE_IDENTIFIER = mgl.MyLocation;
				PRODUCT_NAME = "$(TARGET_NAME)";
			};
			name = Debug;
		};
		7DE8EDAE1C25056C00425A0D /* Release */ = {
			isa = XCBuildConfiguration;
			buildSettings = {
				ASSETCATALOG_COMPILER_APPICON_NAME = AppIcon;
				INFOPLIST_FILE = MyLocation/Info.plist;
				LD_RUNPATH_SEARCH_PATHS = "$(inherited) @executable_path/Frameworks";
				PRODUCT_BUNDLE_IDENTIFIER = mgl.MyLocation;
				PRODUCT_NAME = "$(TARGET_NAME)";
			};
			name = Release;
		};
		7DE8EDB01C25056C00425A0D /* Debug */ = {
			isa = XCBuildConfiguration;
			buildSettings = {
				BUNDLE_LOADER = "$(TEST_HOST)";
				INFOPLIST_FILE = MyLocationTests/Info.plist;
				LD_RUNPATH_SEARCH_PATHS = "$(inherited) @executable_path/Frameworks @loader_path/Frameworks";
				PRODUCT_BUNDLE_IDENTIFIER = mgl.MyLocationTests;
				PRODUCT_NAME = "$(TARGET_NAME)";
				TEST_HOST = "$(BUILT_PRODUCTS_DIR)/MyLocation.app/MyLocation";
			};
			name = Debug;
		};
		7DE8EDB11C25056C00425A0D /* Release */ = {
			isa = XCBuildConfiguration;
			buildSettings = {
				BUNDLE_LOADER = "$(TEST_HOST)";
				INFOPLIST_FILE = MyLocationTests/Info.plist;
				LD_RUNPATH_SEARCH_PATHS = "$(inherited) @executable_path/Frameworks @loader_path/Frameworks";
				PRODUCT_BUNDLE_IDENTIFIER = mgl.MyLocationTests;
				PRODUCT_NAME = "$(TARGET_NAME)";
				TEST_HOST = "$(BUILT_PRODUCTS_DIR)/MyLocation.app/MyLocation";
			};
			name = Release;
		};
		7DE8EDB31C25056C00425A0D /* Debug */ = {
			isa = XCBuildConfiguration;
			buildSettings = {
				INFOPLIST_FILE = MyLocationUITests/Info.plist;
				LD_RUNPATH_SEARCH_PATHS = "$(inherited) @executable_path/Frameworks @loader_path/Frameworks";
				PRODUCT_BUNDLE_IDENTIFIER = mgl.MyLocationUITests;
				PRODUCT_NAME = "$(TARGET_NAME)";
				TEST_TARGET_NAME = MyLocation;
				USES_XCTRUNNER = YES;
			};
			name = Debug;
		};
		7DE8EDB41C25056C00425A0D /* Release */ = {
			isa = XCBuildConfiguration;
			buildSettings = {
				INFOPLIST_FILE = MyLocationUITests/Info.plist;
				LD_RUNPATH_SEARCH_PATHS = "$(inherited) @executable_path/Frameworks @loader_path/Frameworks";
				PRODUCT_BUNDLE_IDENTIFIER = mgl.MyLocationUITests;
				PRODUCT_NAME = "$(TARGET_NAME)";
				TEST_TARGET_NAME = MyLocation;
				USES_XCTRUNNER = YES;
			};
			name = Release;
		};
/* End XCBuildConfiguration section */

/* Begin XCConfigurationList section */
		7DE8ED7F1C25056C00425A0D /* Build configuration list for PBXProject "MyLocation" */ = {
			isa = XCConfigurationList;
			buildConfigurations = (
				7DE8EDAA1C25056C00425A0D /* Debug */,
				7DE8EDAB1C25056C00425A0D /* Release */,
			);
			defaultConfigurationIsVisible = 0;
			defaultConfigurationName = Release;
		};
		7DE8EDAC1C25056C00425A0D /* Build configuration list for PBXNativeTarget "MyLocation" */ = {
			isa = XCConfigurationList;
			buildConfigurations = (
				7DE8EDAD1C25056C00425A0D /* Debug */,
				7DE8EDAE1C25056C00425A0D /* Release */,
			);
			defaultConfigurationIsVisible = 0;
		};
		7DE8EDAF1C25056C00425A0D /* Build configuration list for PBXNativeTarget "MyLocationTests" */ = {
			isa = XCConfigurationList;
			buildConfigurations = (
				7DE8EDB01C25056C00425A0D /* Debug */,
				7DE8EDB11C25056C00425A0D /* Release */,
			);
			defaultConfigurationIsVisible = 0;
		};
		7DE8EDB21C25056C00425A0D /* Build configuration list for PBXNativeTarget "MyLocationUITests" */ = {
			isa = XCConfigurationList;
			buildConfigurations = (
				7DE8EDB31C25056C00425A0D /* Debug */,
				7DE8EDB41C25056C00425A0D /* Release */,
			);
			defaultConfigurationIsVisible = 0;
		};
/* End XCConfigurationList section */
	};
	rootObject = 7DE8ED7C1C25056C00425A0D /* Project object */;
}
